// !$*UTF8*$!
{
	archiveVersion = 1;
	classes = {
	};
	objectVersion = 56;
	objects = {

/* Begin PBXBuildFile section */
		AD0AEF0F297D38DC006B54B4 /* PokemonViewModel.swift in Sources */ = {isa = PBXBuildFile; fileRef = AD0AEF0E297D38DC006B54B4 /* PokemonViewModel.swift */; };
		AD0AEF12297D7234006B54B4 /* PokeCell.swift in Sources */ = {isa = PBXBuildFile; fileRef = AD0AEF11297D7234006B54B4 /* PokeCell.swift */; };
		AD0AEF14297D8972006B54B4 /* PokemonGridView.swift in Sources */ = {isa = PBXBuildFile; fileRef = AD0AEF13297D8972006B54B4 /* PokemonGridView.swift */; };
		AD0AEF16297D8D56006B54B4 /* PokemonDetailView.swift in Sources */ = {isa = PBXBuildFile; fileRef = AD0AEF15297D8D56006B54B4 /* PokemonDetailView.swift */; };
		ADE00746297C45EC00651C95 /* pokemonAppApp.swift in Sources */ = {isa = PBXBuildFile; fileRef = ADE00745297C45EC00651C95 /* pokemonAppApp.swift */; };
		ADE00748297C45EC00651C95 /* ContentView.swift in Sources */ = {isa = PBXBuildFile; fileRef = ADE00747297C45EC00651C95 /* ContentView.swift */; };
		ADE0074A297C45EE00651C95 /* Assets.xcassets in Resources */ = {isa = PBXBuildFile; fileRef = ADE00749297C45EE00651C95 /* Assets.xcassets */; };
		ADE0074D297C45EE00651C95 /* Preview Assets.xcassets in Resources */ = {isa = PBXBuildFile; fileRef = ADE0074C297C45EE00651C95 /* Preview Assets.xcassets */; };
		ADE00755297C475400651C95 /* PokemonModel.swift in Sources */ = {isa = PBXBuildFile; fileRef = ADE00754297C475400651C95 /* PokemonModel.swift */; };
		ADE00758297C49E600651C95 /* Kingfisher in Frameworks */ = {isa = PBXBuildFile; productRef = ADE00757297C49E600651C95 /* Kingfisher */; };
/* End PBXBuildFile section */

/* Begin PBXFileReference section */
		AD0AEF0E297D38DC006B54B4 /* PokemonViewModel.swift */ = {isa = PBXFileReference; lastKnownFileType = sourcecode.swift; path = PokemonViewModel.swift; sourceTree = "<group>"; };
		AD0AEF11297D7234006B54B4 /* PokeCell.swift */ = {isa = PBXFileReference; lastKnownFileType = sourcecode.swift; path = PokeCell.swift; sourceTree = "<group>"; };
		AD0AEF13297D8972006B54B4 /* PokemonGridView.swift */ = {isa = PBXFileReference; lastKnownFileType = sourcecode.swift; path = PokemonGridView.swift; sourceTree = "<group>"; };
		AD0AEF15297D8D56006B54B4 /* PokemonDetailView.swift */ = {isa = PBXFileReference; lastKnownFileType = sourcecode.swift; path = PokemonDetailView.swift; sourceTree = "<group>"; };
		ADE00742297C45EC00651C95 /* pokemonApp.app */ = {isa = PBXFileReference; explicitFileType = wrapper.application; includeInIndex = 0; path = pokemonApp.app; sourceTree = BUILT_PRODUCTS_DIR; };
		ADE00745297C45EC00651C95 /* pokemonAppApp.swift */ = {isa = PBXFileReference; lastKnownFileType = sourcecode.swift; path = pokemonAppApp.swift; sourceTree = "<group>"; };
		ADE00747297C45EC00651C95 /* ContentView.swift */ = {isa = PBXFileReference; lastKnownFileType = sourcecode.swift; path = ContentView.swift; sourceTree = "<group>"; };
		ADE00749297C45EE00651C95 /* Assets.xcassets */ = {isa = PBXFileReference; lastKnownFileType = folder.assetcatalog; path = Assets.xcassets; sourceTree = "<group>"; };
		ADE0074C297C45EE00651C95 /* Preview Assets.xcassets */ = {isa = PBXFileReference; lastKnownFileType = folder.assetcatalog; path = "Preview Assets.xcassets"; sourceTree = "<group>"; };
		ADE00754297C475400651C95 /* PokemonModel.swift */ = {isa = PBXFileReference; lastKnownFileType = sourcecode.swift; path = PokemonModel.swift; sourceTree = "<group>"; };
/* End PBXFileReference section */

/* Begin PBXFrameworksBuildPhase section */
		ADE0073F297C45EC00651C95 /* Frameworks */ = {
			isa = PBXFrameworksBuildPhase;
			buildActionMask = 2147483647;
			files = (
				ADE00758297C49E600651C95 /* Kingfisher in Frameworks */,
			);
			runOnlyForDeploymentPostprocessing = 0;
		};
/* End PBXFrameworksBuildPhase section */

/* Begin PBXGroup section */
		AD0AEF0B297D387D006B54B4 /* ViewModel */ = {
			isa = PBXGroup;
			children = (
				AD0AEF0E297D38DC006B54B4 /* PokemonViewModel.swift */,
			);
			path = ViewModel;
			sourceTree = "<group>";
		};
		AD0AEF10297D7216006B54B4 /* Views */ = {
			isa = PBXGroup;
			children = (
				AD0AEF11297D7234006B54B4 /* PokeCell.swift */,
				AD0AEF13297D8972006B54B4 /* PokemonGridView.swift */,
				AD0AEF15297D8D56006B54B4 /* PokemonDetailView.swift */,
			);
			path = Views;
			sourceTree = "<group>";
		};
		ADE00739297C45EC00651C95 = {
			isa = PBXGroup;
			children = (
				ADE00744297C45EC00651C95 /* pokemonApp */,
				ADE00743297C45EC00651C95 /* Products */,
			);
			sourceTree = "<group>";
		};
		ADE00743297C45EC00651C95 /* Products */ = {
			isa = PBXGroup;
			children = (
				ADE00742297C45EC00651C95 /* pokemonApp.app */,
			);
			name = Products;
			sourceTree = "<group>";
		};
		ADE00744297C45EC00651C95 /* pokemonApp */ = {
			isa = PBXGroup;
			children = (
				AD0AEF10297D7216006B54B4 /* Views */,
				AD0AEF0B297D387D006B54B4 /* ViewModel */,
				ADE00753297C473D00651C95 /* Model */,
				ADE00745297C45EC00651C95 /* pokemonAppApp.swift */,
				ADE00747297C45EC00651C95 /* ContentView.swift */,
				ADE00749297C45EE00651C95 /* Assets.xcassets */,
				ADE0074B297C45EE00651C95 /* Preview Content */,
			);
			path = pokemonApp;
			sourceTree = "<group>";
		};
		ADE0074B297C45EE00651C95 /* Preview Content */ = {
			isa = PBXGroup;
			children = (
				ADE0074C297C45EE00651C95 /* Preview Assets.xcassets */,
			);
			path = "Preview Content";
			sourceTree = "<group>";
		};
		ADE00753297C473D00651C95 /* Model */ = {
			isa = PBXGroup;
			children = (
				ADE00754297C475400651C95 /* PokemonModel.swift */,
			);
			path = Model;
			sourceTree = "<group>";
		};
/* End PBXGroup section */

/* Begin PBXNativeTarget section */
		ADE00741297C45EC00651C95 /* pokemonApp */ = {
			isa = PBXNativeTarget;
			buildConfigurationList = ADE00750297C45EE00651C95 /* Build configuration list for PBXNativeTarget "pokemonApp" */;
			buildPhases = (
				ADE0073E297C45EC00651C95 /* Sources */,
				ADE0073F297C45EC00651C95 /* Frameworks */,
				ADE00740297C45EC00651C95 /* Resources */,
			);
			buildRules = (
			);
			dependencies = (
			);
			name = pokemonApp;
			packageProductDependencies = (
				ADE00757297C49E600651C95 /* Kingfisher */,
			);
			productName = pokemonApp;
			productReference = ADE00742297C45EC00651C95 /* pokemonApp.app */;
			productType = "com.apple.product-type.application";
		};
/* End PBXNativeTarget section */

/* Begin PBXProject section */
		ADE0073A297C45EC00651C95 /* Project object */ = {
			isa = PBXProject;
			attributes = {
				BuildIndependentTargetsInParallel = 1;
				LastSwiftUpdateCheck = 1420;
				LastUpgradeCheck = 1420;
				TargetAttributes = {
					ADE00741297C45EC00651C95 = {
						CreatedOnToolsVersion = 14.2;
					};
				};
			};
			buildConfigurationList = ADE0073D297C45EC00651C95 /* Build configuration list for PBXProject "pokemonApp" */;
			compatibilityVersion = "Xcode 14.0";
			developmentRegion = en;
			hasScannedForEncodings = 0;
			knownRegions = (
				en,
				Base,
			);
			mainGroup = ADE00739297C45EC00651C95;
			packageReferences = (
				ADE00756297C49E600651C95 /* XCRemoteSwiftPackageReference "Kingfisher" */,
			);
			productRefGroup = ADE00743297C45EC00651C95 /* Products */;
			projectDirPath = "";
			projectRoot = "";
			targets = (
				ADE00741297C45EC00651C95 /* pokemonApp */,
			);
		};
/* End PBXProject section */

/* Begin PBXResourcesBuildPhase section */
		ADE00740297C45EC00651C95 /* Resources */ = {
			isa = PBXResourcesBuildPhase;
			buildActionMask = 2147483647;
			files = (
				ADE0074D297C45EE00651C95 /* Preview Assets.xcassets in Resources */,
				ADE0074A297C45EE00651C95 /* Assets.xcassets in Resources */,
			);
			runOnlyForDeploymentPostprocessing = 0;
		};
/* End PBXResourcesBuildPhase section */

/* Begin PBXSourcesBuildPhase section */
		ADE0073E297C45EC00651C95 /* Sources */ = {
			isa = PBXSourcesBuildPhase;
			buildActionMask = 2147483647;
			files = (
				ADE00748297C45EC00651C95 /* ContentView.swift in Sources */,
				ADE00755297C475400651C95 /* PokemonModel.swift in Sources */,
				AD0AEF14297D8972006B54B4 /* PokemonGridView.swift in Sources */,
				AD0AEF0F297D38DC006B54B4 /* PokemonViewModel.swift in Sources */,
				ADE00746297C45EC00651C95 /* pokemonAppApp.swift in Sources */,
				AD0AEF16297D8D56006B54B4 /* PokemonDetailView.swift in Sources */,
				AD0AEF12297D7234006B54B4 /* PokeCell.swift in Sources */,
			);
			runOnlyForDeploymentPostprocessing = 0;
		};
/* End PBXSourcesBuildPhase section */

/* Begin XCBuildConfiguration section */
		ADE0074E297C45EE00651C95 /* Debug */ = {
			isa = XCBuildConfiguration;
			buildSettings = {
				ALWAYS_SEARCH_USER_PATHS = NO;
				CLANG_ANALYZER_NONNULL = YES;
				CLANG_ANALYZER_NUMBER_OBJECT_CONVERSION = YES_AGGRESSIVE;
				CLANG_CXX_LANGUAGE_STANDARD = "gnu++20";
				CLANG_ENABLE_MODULES = YES;
				CLANG_ENABLE_OBJC_ARC = YES;
				CLANG_ENABLE_OBJC_WEAK = YES;
				CLANG_WARN_BLOCK_CAPTURE_AUTORELEASING = YES;
				CLANG_WARN_BOOL_CONVERSION = YES;
				CLANG_WARN_COMMA = YES;
				CLANG_WARN_CONSTANT_CONVERSION = YES;
				CLANG_WARN_DEPRECATED_OBJC_IMPLEMENTATIONS = YES;
				CLANG_WARN_DIRECT_OBJC_ISA_USAGE = YES_ERROR;
				CLANG_WARN_DOCUMENTATION_COMMENTS = YES;
				CLANG_WARN_EMPTY_BODY = YES;
				CLANG_WARN_ENUM_CONVERSION = YES;
				CLANG_WARN_INFINITE_RECURSION = YES;
				CLANG_WARN_INT_CONVERSION = YES;
				CLANG_WARN_NON_LITERAL_NULL_CONVERSION = YES;
				CLANG_WARN_OBJC_IMPLICIT_RETAIN_SELF = YES;
				CLANG_WARN_OBJC_LITERAL_CONVERSION = YES;
				CLANG_WARN_OBJC_ROOT_CLASS = YES_ERROR;
				CLANG_WARN_QUOTED_INCLUDE_IN_FRAMEWORK_HEADER = YES;
				CLANG_WARN_RANGE_LOOP_ANALYSIS = YES;
				CLANG_WARN_STRICT_PROTOTYPES = YES;
				CLANG_WARN_SUSPICIOUS_MOVE = YES;
				CLANG_WARN_UNGUARDED_AVAILABILITY = YES_AGGRESSIVE;
				CLANG_WARN_UNREACHABLE_CODE = YES;
				CLANG_WARN__DUPLICATE_METHOD_MATCH = YES;
				COPY_PHASE_STRIP = NO;
				DEBUG_INFORMATION_FORMAT = dwarf;
				ENABLE_STRICT_OBJC_MSGSEND = YES;
				ENABLE_TESTABILITY = YES;
				GCC_C_LANGUAGE_STANDARD = gnu11;
				GCC_DYNAMIC_NO_PIC = NO;
				GCC_NO_COMMON_BLOCKS = YES;
				GCC_OPTIMIZATION_LEVEL = 0;
				GCC_PREPROCESSOR_DEFINITIONS = (
					"DEBUG=1",
					"$(inherited)",
				);
				GCC_WARN_64_TO_32_BIT_CONVERSION = YES;
				GCC_WARN_ABOUT_RETURN_TYPE = YES_ERROR;
				GCC_WARN_UNDECLARED_SELECTOR = YES;
				GCC_WARN_UNINITIALIZED_AUTOS = YES_AGGRESSIVE;
				GCC_WARN_UNUSED_FUNCTION = YES;
				GCC_WARN_UNUSED_VARIABLE = YES;
				IPHONEOS_DEPLOYMENT_TARGET = 16.2;
				MTL_ENABLE_DEBUG_INFO = INCLUDE_SOURCE;
				MTL_FAST_MATH = YES;
				ONLY_ACTIVE_ARCH = YES;
				SDKROOT = iphoneos;
				SWIFT_ACTIVE_COMPILATION_CONDITIONS = DEBUG;
				SWIFT_OPTIMIZATION_LEVEL = "-Onone";
			};
			name = Debug;
		};
		ADE0074F297C45EE00651C95 /* Release */ = {
			isa = XCBuildConfiguration;
			buildSettings = {
				ALWAYS_SEARCH_USER_PATHS = NO;
				CLANG_ANALYZER_NONNULL = YES;
				CLANG_ANALYZER_NUMBER_OBJECT_CONVERSION = YES_AGGRESSIVE;
				CLANG_CXX_LANGUAGE_STANDARD = "gnu++20";
				CLANG_ENABLE_MODULES = YES;
				CLANG_ENABLE_OBJC_ARC = YES;
				CLANG_ENABLE_OBJC_WEAK = YES;
				CLANG_WARN_BLOCK_CAPTURE_AUTORELEASING = YES;
				CLANG_WARN_BOOL_CONVERSION = YES;
				CLANG_WARN_COMMA = YES;
				CLANG_WARN_CONSTANT_CONVERSION = YES;
				CLANG_WARN_DEPRECATED_OBJC_IMPLEMENTATIONS = YES;
				CLANG_WARN_DIRECT_OBJC_ISA_USAGE = YES_ERROR;
				CLANG_WARN_DOCUMENTATION_COMMENTS = YES;
				CLANG_WARN_EMPTY_BODY = YES;
				CLANG_WARN_ENUM_CONVERSION = YES;
				CLANG_WARN_INFINITE_RECURSION = YES;
				CLANG_WARN_INT_CONVERSION = YES;
				CLANG_WARN_NON_LITERAL_NULL_CONVERSION = YES;
				CLANG_WARN_OBJC_IMPLICIT_RETAIN_SELF = YES;
				CLANG_WARN_OBJC_LITERAL_CONVERSION = YES;
				CLANG_WARN_OBJC_ROOT_CLASS = YES_ERROR;
				CLANG_WARN_QUOTED_INCLUDE_IN_FRAMEWORK_HEADER = YES;
				CLANG_WARN_RANGE_LOOP_ANALYSIS = YES;
				CLANG_WARN_STRICT_PROTOTYPES = YES;
				CLANG_WARN_SUSPICIOUS_MOVE = YES;
				CLANG_WARN_UNGUARDED_AVAILABILITY = YES_AGGRESSIVE;
				CLANG_WARN_UNREACHABLE_CODE = YES;
				CLANG_WARN__DUPLICATE_METHOD_MATCH = YES;
				COPY_PHASE_STRIP = NO;
				DEBUG_INFORMATION_FORMAT = "dwarf-with-dsym";
				ENABLE_NS_ASSERTIONS = NO;
				ENABLE_STRICT_OBJC_MSGSEND = YES;
				GCC_C_LANGUAGE_STANDARD = gnu11;
				GCC_NO_COMMON_BLOCKS = YES;
				GCC_WARN_64_TO_32_BIT_CONVERSION = YES;
				GCC_WARN_ABOUT_RETURN_TYPE = YES_ERROR;
				GCC_WARN_UNDECLARED_SELECTOR = YES;
				GCC_WARN_UNINITIALIZED_AUTOS = YES_AGGRESSIVE;
				GCC_WARN_UNUSED_FUNCTION = YES;
				GCC_WARN_UNUSED_VARIABLE = YES;
				IPHONEOS_DEPLOYMENT_TARGET = 16.2;
				MTL_ENABLE_DEBUG_INFO = NO;
				MTL_FAST_MATH = YES;
				SDKROOT = iphoneos;
				SWIFT_COMPILATION_MODE = wholemodule;
				SWIFT_OPTIMIZATION_LEVEL = "-O";
				VALIDATE_PRODUCT = YES;
			};
			name = Release;
		};
		ADE00751297C45EE00651C95 /* Debug */ = {
			isa = XCBuildConfiguration;
			buildSettings = {
				ASSETCATALOG_COMPILER_APPICON_NAME = AppIcon;
				ASSETCATALOG_COMPILER_GLOBAL_ACCENT_COLOR_NAME = AccentColor;
				CODE_SIGN_STYLE = Automatic;
				CURRENT_PROJECT_VERSION = 1;
				DEVELOPMENT_ASSET_PATHS = "\"pokemonApp/Preview Content\"";
				ENABLE_PREVIEWS = YES;
				GENERATE_INFOPLIST_FILE = YES;
				INFOPLIST_KEY_UIApplicationSceneManifest_Generation = YES;
				INFOPLIST_KEY_UIApplicationSupportsIndirectInputEvents = YES;
				INFOPLIST_KEY_UILaunchScreen_Generation = YES;
				INFOPLIST_KEY_UISupportedInterfaceOrientations_iPad = "UIInterfaceOrientationPortrait UIInterfaceOrientationPortraitUpsideDown UIInterfaceOrientationLandscapeLeft UIInterfaceOrientationLandscapeRight";
				INFOPLIST_KEY_UISupportedInterfaceOrientations_iPhone = "UIInterfaceOrientationPortrait UIInterfaceOrientationLandscapeLeft UIInterfaceOrientationLandscapeRight";
				LD_RUNPATH_SEARCH_PATHS = (
					"$(inherited)",
					"@executable_path/Frameworks",
				);
				MARKETING_VERSION = 1.0;
				PRODUCT_BUNDLE_IDENTIFIER = sachin.pokemonApp;
				PRODUCT_NAME = "$(TARGET_NAME)";
				SWIFT_EMIT_LOC_STRINGS = YES;
				SWIFT_VERSION = 5.0;
				TARGETED_DEVICE_FAMILY = "1,2";
			};
			name = Debug;
		};
		ADE00752297C45EE00651C95 /* Release */ = {
			isa = XCBuildConfiguration;
			buildSettings = {
				ASSETCATALOG_COMPILER_APPICON_NAME = AppIcon;
				ASSETCATALOG_COMPILER_GLOBAL_ACCENT_COLOR_NAME = AccentColor;
				CODE_SIGN_STYLE = Automatic;
				CURRENT_PROJECT_VERSION = 1;
				DEVELOPMENT_ASSET_PATHS = "\"pokemonApp/Preview Content\"";
				ENABLE_PREVIEWS = YES;
				GENERATE_INFOPLIST_FILE = YES;
				INFOPLIST_KEY_UIApplicationSceneManifest_Generation = YES;
				INFOPLIST_KEY_UIApplicationSupportsIndirectInputEvents = YES;
				INFOPLIST_KEY_UILaunchScreen_Generation = YES;
				INFOPLIST_KEY_UISupportedInterfaceOrientations_iPad = "UIInterfaceOrientationPortrait UIInterfaceOrientationPortraitUpsideDown UIInterfaceOrientationLandscapeLeft UIInterfaceOrientationLandscapeRight";
				INFOPLIST_KEY_UISupportedInterfaceOrientations_iPhone = "UIInterfaceOrientationPortrait UIInterfaceOrientationLandscapeLeft UIInterfaceOrientationLandscapeRight";
				LD_RUNPATH_SEARCH_PATHS = (
					"$(inherited)",
					"@executable_path/Frameworks",
				);
				MARKETING_VERSION = 1.0;
				PRODUCT_BUNDLE_IDENTIFIER = sachin.pokemonApp;
				PRODUCT_NAME = "$(TARGET_NAME)";
				SWIFT_EMIT_LOC_STRINGS = YES;
				SWIFT_VERSION = 5.0;
				TARGETED_DEVICE_FAMILY = "1,2";
			};
			name = Release;
		};
/* End XCBuildConfiguration section */

/* Begin XCConfigurationList section */
		ADE0073D297C45EC00651C95 /* Build configuration list for PBXProject "pokemonApp" */ = {
			isa = XCConfigurationList;
			buildConfigurations = (
				ADE0074E297C45EE00651C95 /* Debug */,
				ADE0074F297C45EE00651C95 /* Release */,
			);
			defaultConfigurationIsVisible = 0;
			defaultConfigurationName = Release;
		};
		ADE00750297C45EE00651C95 /* Build configuration list for PBXNativeTarget "pokemonApp" */ = {
			isa = XCConfigurationList;
			buildConfigurations = (
				ADE00751297C45EE00651C95 /* Debug */,
				ADE00752297C45EE00651C95 /* Release */,
			);
			defaultConfigurationIsVisible = 0;
			defaultConfigurationName = Release;
		};
/* End XCConfigurationList section */

/* Begin XCRemoteSwiftPackageReference section */
		ADE00756297C49E600651C95 /* XCRemoteSwiftPackageReference "Kingfisher" */ = {
			isa = XCRemoteSwiftPackageReference;
			repositoryURL = "https://github.com/onevcat/Kingfisher";
			requirement = {
				kind = upToNextMajorVersion;
				minimumVersion = 7.0.0;
			};
		};
/* End XCRemoteSwiftPackageReference section */

/* Begin XCSwiftPackageProductDependency section */
		ADE00757297C49E600651C95 /* Kingfisher */ = {
			isa = XCSwiftPackageProductDependency;
			package = ADE00756297C49E600651C95 /* XCRemoteSwiftPackageReference "Kingfisher" */;
			productName = Kingfisher;
		};
/* End XCSwiftPackageProductDependency section */
	};
	rootObject = ADE0073A297C45EC00651C95 /* Project object */;
}
